{
  "name": "my-package-consumer",
  "version": "1.0.0",
  "lockfileVersion": 2,
  "requires": true,
  "packages": {
    "": {
      "name": "my-package-consumer",
      "version": "1.0.0",
      "license": "ISC",
      "dependencies": {
        "my-package-producer": "^1.0.0"
      }
    },
    "node_modules/my-package-producer": {
      "version": "1.1.0",
      "resolved": "https://registry.npmjs.org/my-package-producer/-/my-package-producer-1.1.0.tgz",
      "integrity": "sha512-u5hSF+CTL3ChqZFHXQpShdAX2e0WwpQDOQQF+/1onb58gLpvKH4cKSJ/qwPztvdwW8K/kLWjeJ53sXQIMUZ0Eg=="
    }
  },
  "dependencies": {
    "my-package-producer": {
      "version": "1.1.0",
      "resolved": "https://registry.npmjs.org/my-package-producer/-/my-package-producer-1.1.0.tgz",
      "integrity": "sha512-u5hSF+CTL3ChqZFHXQpShdAX2e0WwpQDOQQF+/1onb58gLpvKH4cKSJ/qwPztvdwW8K/kLWjeJ53sXQIMUZ0Eg=="
    }
  }
}
